
Microsoft Visual Studio Solution File, Format Version 12.00
# Visual Studio Version 17
VisualStudioVersion = 17.9.34728.123
MinimumVisualStudioVersion = 10.0.40219.1
Project("{FAE04EC0-301F-11D3-BF4B-00C04F79EFBC}") = "Server", "Server\Server.csproj", "{6845F5F3-3F57-40B2-92A8-A7BF47EB9AC3}"
EndProject
Project("{FAE04EC0-301F-11D3-BF4B-00C04F79EFBC}") = "ServerCore", "ServerCore\ServerCore.csproj", "{3FB213DD-9510-424D-A2C1-52C16E02972A}"
EndProject
Project("{FAE04EC0-301F-11D3-BF4B-00C04F79EFBC}") = "DummyClient", "DummyClient\DummyClient.csproj", "{A7C4A342-E9D2-46D4-80CC-4E6203CDF871}"
EndProject
Global
	GlobalSection(SolutionConfigurationPlatforms) = preSolution
		Debug|Any CPU = Debug|Any CPU
		Release|Any CPU = Release|Any CPU
	EndGlobalSection
	GlobalSection(ProjectConfigurationPlatforms) = postSolution
		{6845F5F3-3F57-40B2-92A8-A7BF47EB9AC3}.Debug|Any CPU.ActiveCfg = Debug|Any CPU
		{6845F5F3-3F57-40B2-92A8-A7BF47EB9AC3}.Debug|Any CPU.Build.0 = Debug|Any CPU
		{6845F5F3-3F57-40B2-92A8-A7BF47EB9AC3}.Release|Any CPU.ActiveCfg = Release|Any CPU
		{6845F5F3-3F57-40B2-92A8-A7BF47EB9AC3}.Release|Any CPU.Build.0 = Release|Any CPU
		{3FB213DD-9510-424D-A2C1-52C16E02972A}.Debug|Any CPU.ActiveCfg = Debug|Any CPU
		{3FB213DD-9510-424D-A2C1-52C16E02972A}.Debug|Any CPU.Build.0 = Debug|Any CPU
		{3FB213DD-9510-424D-A2C1-52C16E02972A}.Release|Any CPU.ActiveCfg = Release|Any CPU
		{3FB213DD-9510-424D-A2C1-52C16E02972A}.Release|Any CPU.Build.0 = Release|Any CPU
		{A7C4A342-E9D2-46D4-80CC-4E6203CDF871}.Debug|Any CPU.ActiveCfg = Debug|Any CPU
		{A7C4A342-E9D2-46D4-80CC-4E6203CDF871}.Debug|Any CPU.Build.0 = Debug|Any CPU
		{A7C4A342-E9D2-46D4-80CC-4E6203CDF871}.Release|Any CPU.ActiveCfg = Release|Any CPU
		{A7C4A342-E9D2-46D4-80CC-4E6203CDF871}.Release|Any CPU.Build.0 = Release|Any CPU
	EndGlobalSection
	GlobalSection(SolutionProperties) = preSolution
		HideSolutionNode = FALSE
	EndGlobalSection
	GlobalSection(ExtensibilityGlobals) = postSolution
		SolutionGuid = {51750C90-A799-42DB-B89E-CC133894A66E}
	EndGlobalSection
EndGlobal
